
Microsoft Visual Studio Solution File, Format Version 12.00
# Visual Studio Version 17
VisualStudioVersion = 17.5.002.0
MinimumVisualStudioVersion = 10.0.40219.1
Project("{9A19103F-16F7-4668-BE54-9A1E7A4F7556}") = "donguler", "donguler.csproj", "{9C2DC07B-AF11-421B-857E-97C7F7AD0419}"
EndProject
Global
	GlobalSection(SolutionConfigurationPlatforms) = preSolution
		Debug|Any CPU = Debug|Any CPU
		Release|Any CPU = Release|Any CPU
	EndGlobalSection
	GlobalSection(ProjectConfigurationPlatforms) = postSolution
		{9C2DC07B-AF11-421B-857E-97C7F7AD0419}.Debug|Any CPU.ActiveCfg = Debug|Any CPU
		{9C2DC07B-AF11-421B-857E-97C7F7AD0419}.Debug|Any CPU.Build.0 = Debug|Any CPU
		{9C2DC07B-AF11-421B-857E-97C7F7AD0419}.Release|Any CPU.ActiveCfg = Release|Any CPU
		{9C2DC07B-AF11-421B-857E-97C7F7AD0419}.Release|Any CPU.Build.0 = Release|Any CPU
	EndGlobalSection
	GlobalSection(SolutionProperties) = preSolution
		HideSolutionNode = FALSE
	EndGlobalSection
	GlobalSection(ExtensibilityGlobals) = postSolution
		SolutionGuid = {215564BE-F7E4-4E86-A253-3C6F3AFA38C5}
	EndGlobalSection
EndGlobal
